
Microsoft Visual Studio Solution File, Format Version 12.00
# Visual Studio Version 16
VisualStudioVersion = 16.0.30907.101
MinimumVisualStudioVersion = 10.0.40219.1
Project("{FAE04EC0-301F-11D3-BF4B-00C04F79EFBC}") = "WebApplication1", "WebApplication1\WebApplication1.csproj", "{09C85B07-01B3-454D-B062-B78B9AB2E99C}"
EndProject
Global
	GlobalSection(SolutionConfigurationPlatforms) = preSolution
		Debug|Any CPU = Debug|Any CPU
		Release|Any CPU = Release|Any CPU
	EndGlobalSection
	GlobalSection(ProjectConfigurationPlatforms) = postSolution
		{09C85B07-01B3-454D-B062-B78B9AB2E99C}.Debug|Any CPU.ActiveCfg = Debug|Any CPU
		{09C85B07-01B3-454D-B062-B78B9AB2E99C}.Debug|Any CPU.Build.0 = Debug|Any CPU
		{09C85B07-01B3-454D-B062-B78B9AB2E99C}.Release|Any CPU.ActiveCfg = Release|Any CPU
		{09C85B07-01B3-454D-B062-B78B9AB2E99C}.Release|Any CPU.Build.0 = Release|Any CPU
	EndGlobalSection
	GlobalSection(SolutionProperties) = preSolution
		HideSolutionNode = FALSE
	EndGlobalSection
	GlobalSection(ExtensibilityGlobals) = postSolution
		SolutionGuid = {D896EF36-EFB9-4234-BD7C-143CE8AF1BBD}
	EndGlobalSection
EndGlobal
